
Microsoft Visual Studio Solution File, Format Version 12.00
# Visual Studio Version 16
VisualStudioVersion = 16.0.29102.190
MinimumVisualStudioVersion = 10.0.40219.1
Project("{FAE04EC0-301F-11D3-BF4B-00C04F79EFBC}") = "WebApplication2", "WebApplication2\WebApplication2.csproj", "{C568E843-FBFF-4D59-A910-8C5C011CBAF1}"
EndProject
Global
	GlobalSection(SolutionConfigurationPlatforms) = preSolution
		Debug|Any CPU = Debug|Any CPU
		Release|Any CPU = Release|Any CPU
	EndGlobalSection
	GlobalSection(ProjectConfigurationPlatforms) = postSolution
		{C568E843-FBFF-4D59-A910-8C5C011CBAF1}.Debug|Any CPU.ActiveCfg = Debug|Any CPU
		{C568E843-FBFF-4D59-A910-8C5C011CBAF1}.Debug|Any CPU.Build.0 = Debug|Any CPU
		{C568E843-FBFF-4D59-A910-8C5C011CBAF1}.Release|Any CPU.ActiveCfg = Release|Any CPU
		{C568E843-FBFF-4D59-A910-8C5C011CBAF1}.Release|Any CPU.Build.0 = Release|Any CPU
	EndGlobalSection
	GlobalSection(SolutionProperties) = preSolution
		HideSolutionNode = FALSE
	EndGlobalSection
	GlobalSection(ExtensibilityGlobals) = postSolution
		SolutionGuid = {AF7F851E-B0B2-4E45-92A2-8C95C182B6D2}
	EndGlobalSection
EndGlobal
